
Microsoft Visual Studio Solution File, Format Version 12.00
# Visual Studio 15
VisualStudioVersion = 15.0.28307.168
MinimumVisualStudioVersion = 10.0.40219.1
Project("{9A19103F-16F7-4668-BE54-9A1E7A4F7556}") = "LagoVista.BACNet.Core", "src\LagoVista.BACNet.Core\LagoVista.BACNet.Core.csproj", "{E6E354E1-E918-4622-AF09-5A7A593C98FF}"
EndProject
Project("{2150E333-8FDC-42A3-9474-1A3956D46DE8}") = "libs", "libs", "{2EF731FC-B432-4E41-A6C5-58960930E014}"
EndProject
Project("{2150E333-8FDC-42A3-9474-1A3956D46DE8}") = "examples", "examples", "{C7CACE42-3F95-4A74-917F-8C6ECEB846DD}"
EndProject
Project("{9A19103F-16F7-4668-BE54-9A1E7A4F7556}") = "SimpleDevice", "examples\SimpleDevice\SimpleDevice.csproj", "{AB56EE3B-45B5-41E8-A46C-86AA08A2D21A}"
EndProject
Project("{FAE04EC0-301F-11D3-BF4B-00C04F79EFBC}") = "RoomSimulator", "examples\RoomSimulator\RoomSimulator.csproj", "{9C53B1C0-AC79-430E-8E62-2DCF1E3A6312}"
EndProject
Project("{9A19103F-16F7-4668-BE54-9A1E7A4F7556}") = "BasicServer", "examples\BasicServer\BasicServer.csproj", "{7029593B-3BCB-4C81-B9F7-AA3AAD349142}"
EndProject
Project("{FAE04EC0-301F-11D3-BF4B-00C04F79EFBC}") = "ObjectBrowserExample", "examples\ObjectBrowserExample\ObjectBrowserExample.csproj", "{A6D3D748-5A1F-46AD-B4FD-4C1BB2AC2350}"
EndProject
Global
	GlobalSection(SolutionConfigurationPlatforms) = preSolution
		Debug|Any CPU = Debug|Any CPU
		Debug|ARM = Debug|ARM
		Debug|ARM64 = Debug|ARM64
		Debug|x64 = Debug|x64
		Debug|x86 = Debug|x86
		Release|Any CPU = Release|Any CPU
		Release|ARM = Release|ARM
		Release|ARM64 = Release|ARM64
		Release|x64 = Release|x64
		Release|x86 = Release|x86
	EndGlobalSection
	GlobalSection(ProjectConfigurationPlatforms) = postSolution
		{E6E354E1-E918-4622-AF09-5A7A593C98FF}.Debug|Any CPU.ActiveCfg = Debug|Any CPU
		{E6E354E1-E918-4622-AF09-5A7A593C98FF}.Debug|Any CPU.Build.0 = Debug|Any CPU
		{E6E354E1-E918-4622-AF09-5A7A593C98FF}.Debug|ARM.ActiveCfg = Debug|Any CPU
		{E6E354E1-E918-4622-AF09-5A7A593C98FF}.Debug|ARM.Build.0 = Debug|Any CPU
		{E6E354E1-E918-4622-AF09-5A7A593C98FF}.Debug|ARM64.ActiveCfg = Debug|Any CPU
		{E6E354E1-E918-4622-AF09-5A7A593C98FF}.Debug|ARM64.Build.0 = Debug|Any CPU
		{E6E354E1-E918-4622-AF09-5A7A593C98FF}.Debug|x64.ActiveCfg = Debug|Any CPU
		{E6E354E1-E918-4622-AF09-5A7A593C98FF}.Debug|x64.Build.0 = Debug|Any CPU
		{E6E354E1-E918-4622-AF09-5A7A593C98FF}.Debug|x86.ActiveCfg = Debug|Any CPU
		{E6E354E1-E918-4622-AF09-5A7A593C98FF}.Debug|x86.Build.0 = Debug|Any CPU
		{E6E354E1-E918-4622-AF09-5A7A593C98FF}.Release|Any CPU.ActiveCfg = Release|Any CPU
		{E6E354E1-E918-4622-AF09-5A7A593C98FF}.Release|Any CPU.Build.0 = Release|Any CPU
		{E6E354E1-E918-4622-AF09-5A7A593C98FF}.Release|ARM.ActiveCfg = Release|Any CPU
		{E6E354E1-E918-4622-AF09-5A7A593C98FF}.Release|ARM.Build.0 = Release|Any CPU
		{E6E354E1-E918-4622-AF09-5A7A593C98FF}.Release|ARM64.ActiveCfg = Release|Any CPU
		{E6E354E1-E918-4622-AF09-5A7A593C98FF}.Release|ARM64.Build.0 = Release|Any CPU
		{E6E354E1-E918-4622-AF09-5A7A593C98FF}.Release|x64.ActiveCfg = Release|Any CPU
		{E6E354E1-E918-4622-AF09-5A7A593C98FF}.Release|x64.Build.0 = Release|Any CPU
		{E6E354E1-E918-4622-AF09-5A7A593C98FF}.Release|x86.ActiveCfg = Release|Any CPU
		{E6E354E1-E918-4622-AF09-5A7A593C98FF}.Release|x86.Build.0 = Release|Any CPU
		{AB56EE3B-45B5-41E8-A46C-86AA08A2D21A}.Debug|Any CPU.ActiveCfg = Debug|Any CPU
		{AB56EE3B-45B5-41E8-A46C-86AA08A2D21A}.Debug|Any CPU.Build.0 = Debug|Any CPU
		{AB56EE3B-45B5-41E8-A46C-86AA08A2D21A}.Debug|ARM.ActiveCfg = Debug|Any CPU
		{AB56EE3B-45B5-41E8-A46C-86AA08A2D21A}.Debug|ARM.Build.0 = Debug|Any CPU
		{AB56EE3B-45B5-41E8-A46C-86AA08A2D21A}.Debug|ARM64.ActiveCfg = Debug|Any CPU
		{AB56EE3B-45B5-41E8-A46C-86AA08A2D21A}.Debug|ARM64.Build.0 = Debug|Any CPU
		{AB56EE3B-45B5-41E8-A46C-86AA08A2D21A}.Debug|x64.ActiveCfg = Debug|Any CPU
		{AB56EE3B-45B5-41E8-A46C-86AA08A2D21A}.Debug|x64.Build.0 = Debug|Any CPU
		{AB56EE3B-45B5-41E8-A46C-86AA08A2D21A}.Debug|x86.ActiveCfg = Debug|Any CPU
		{AB56EE3B-45B5-41E8-A46C-86AA08A2D21A}.Debug|x86.Build.0 = Debug|Any CPU
		{AB56EE3B-45B5-41E8-A46C-86AA08A2D21A}.Release|Any CPU.ActiveCfg = Release|Any CPU
		{AB56EE3B-45B5-41E8-A46C-86AA08A2D21A}.Release|Any CPU.Build.0 = Release|Any CPU
		{AB56EE3B-45B5-41E8-A46C-86AA08A2D21A}.Release|ARM.ActiveCfg = Release|Any CPU
		{AB56EE3B-45B5-41E8-A46C-86AA08A2D21A}.Release|ARM.Build.0 = Release|Any CPU
		{AB56EE3B-45B5-41E8-A46C-86AA08A2D21A}.Release|ARM64.ActiveCfg = Release|Any CPU
		{AB56EE3B-45B5-41E8-A46C-86AA08A2D21A}.Release|ARM64.Build.0 = Release|Any CPU
		{AB56EE3B-45B5-41E8-A46C-86AA08A2D21A}.Release|x64.ActiveCfg = Release|Any CPU
		{AB56EE3B-45B5-41E8-A46C-86AA08A2D21A}.Release|x64.Build.0 = Release|Any CPU
		{AB56EE3B-45B5-41E8-A46C-86AA08A2D21A}.Release|x86.ActiveCfg = Release|Any CPU
		{AB56EE3B-45B5-41E8-A46C-86AA08A2D21A}.Release|x86.Build.0 = Release|Any CPU
		{9C53B1C0-AC79-430E-8E62-2DCF1E3A6312}.Debug|Any CPU.ActiveCfg = Debug|x86
		{9C53B1C0-AC79-430E-8E62-2DCF1E3A6312}.Debug|ARM.ActiveCfg = Debug|ARM
		{9C53B1C0-AC79-430E-8E62-2DCF1E3A6312}.Debug|ARM.Build.0 = Debug|ARM
		{9C53B1C0-AC79-430E-8E62-2DCF1E3A6312}.Debug|ARM.Deploy.0 = Debug|ARM
		{9C53B1C0-AC79-430E-8E62-2DCF1E3A6312}.Debug|ARM64.ActiveCfg = Debug|ARM64
		{9C53B1C0-AC79-430E-8E62-2DCF1E3A6312}.Debug|ARM64.Build.0 = Debug|ARM64
		{9C53B1C0-AC79-430E-8E62-2DCF1E3A6312}.Debug|ARM64.Deploy.0 = Debug|ARM64
		{9C53B1C0-AC79-430E-8E62-2DCF1E3A6312}.Debug|x64.ActiveCfg = Debug|x64
		{9C53B1C0-AC79-430E-8E62-2DCF1E3A6312}.Debug|x64.Build.0 = Debug|x64
		{9C53B1C0-AC79-430E-8E62-2DCF1E3A6312}.Debug|x64.Deploy.0 = Debug|x64
		{9C53B1C0-AC79-430E-8E62-2DCF1E3A6312}.Debug|x86.ActiveCfg = Debug|x86
		{9C53B1C0-AC79-430E-8E62-2DCF1E3A6312}.Debug|x86.Build.0 = Debug|x86
		{9C53B1C0-AC79-430E-8E62-2DCF1E3A6312}.Debug|x86.Deploy.0 = Debug|x86
		{9C53B1C0-AC79-430E-8E62-2DCF1E3A6312}.Release|Any CPU.ActiveCfg = Release|x86
		{9C53B1C0-AC79-430E-8E62-2DCF1E3A6312}.Release|ARM.ActiveCfg = Release|ARM
		{9C53B1C0-AC79-430E-8E62-2DCF1E3A6312}.Release|ARM.Build.0 = Release|ARM
		{9C53B1C0-AC79-430E-8E62-2DCF1E3A6312}.Release|ARM.Deploy.0 = Release|ARM
		{9C53B1C0-AC79-430E-8E62-2DCF1E3A6312}.Release|ARM64.ActiveCfg = Release|ARM64
		{9C53B1C0-AC79-430E-8E62-2DCF1E3A6312}.Release|ARM64.Build.0 = Release|ARM64
		{9C53B1C0-AC79-430E-8E62-2DCF1E3A6312}.Release|ARM64.Deploy.0 = Release|ARM64
		{9C53B1C0-AC79-430E-8E62-2DCF1E3A6312}.Release|x64.ActiveCfg = Release|x64
		{9C53B1C0-AC79-430E-8E62-2DCF1E3A6312}.Release|x64.Build.0 = Release|x64
		{9C53B1C0-AC79-430E-8E62-2DCF1E3A6312}.Release|x64.Deploy.0 = Release|x64
		{9C53B1C0-AC79-430E-8E62-2DCF1E3A6312}.Release|x86.ActiveCfg = Release|x86
		{9C53B1C0-AC79-430E-8E62-2DCF1E3A6312}.Release|x86.Build.0 = Release|x86
		{9C53B1C0-AC79-430E-8E62-2DCF1E3A6312}.Release|x86.Deploy.0 = Release|x86
		{7029593B-3BCB-4C81-B9F7-AA3AAD349142}.Debug|Any CPU.ActiveCfg = Debug|Any CPU
		{7029593B-3BCB-4C81-B9F7-AA3AAD349142}.Debug|Any CPU.Build.0 = Debug|Any CPU
		{7029593B-3BCB-4C81-B9F7-AA3AAD349142}.Debug|ARM.ActiveCfg = Debug|Any CPU
		{7029593B-3BCB-4C81-B9F7-AA3AAD349142}.Debug|ARM.Build.0 = Debug|Any CPU
		{7029593B-3BCB-4C81-B9F7-AA3AAD349142}.Debug|ARM64.ActiveCfg = Debug|Any CPU
		{7029593B-3BCB-4C81-B9F7-AA3AAD349142}.Debug|ARM64.Build.0 = Debug|Any CPU
		{7029593B-3BCB-4C81-B9F7-AA3AAD349142}.Debug|x64.ActiveCfg = Debug|Any CPU
		{7029593B-3BCB-4C81-B9F7-AA3AAD349142}.Debug|x64.Build.0 = Debug|Any CPU
		{7029593B-3BCB-4C81-B9F7-AA3AAD349142}.Debug|x86.ActiveCfg = Debug|Any CPU
		{7029593B-3BCB-4C81-B9F7-AA3AAD349142}.Debug|x86.Build.0 = Debug|Any CPU
		{7029593B-3BCB-4C81-B9F7-AA3AAD349142}.Release|Any CPU.ActiveCfg = Release|Any CPU
		{7029593B-3BCB-4C81-B9F7-AA3AAD349142}.Release|Any CPU.Build.0 = Release|Any CPU
		{7029593B-3BCB-4C81-B9F7-AA3AAD349142}.Release|ARM.ActiveCfg = Release|Any CPU
		{7029593B-3BCB-4C81-B9F7-AA3AAD349142}.Release|ARM.Build.0 = Release|Any CPU
		{7029593B-3BCB-4C81-B9F7-AA3AAD349142}.Release|ARM64.ActiveCfg = Release|Any CPU
		{7029593B-3BCB-4C81-B9F7-AA3AAD349142}.Release|ARM64.Build.0 = Release|Any CPU
		{7029593B-3BCB-4C81-B9F7-AA3AAD349142}.Release|x64.ActiveCfg = Release|Any CPU
		{7029593B-3BCB-4C81-B9F7-AA3AAD349142}.Release|x64.Build.0 = Release|Any CPU
		{7029593B-3BCB-4C81-B9F7-AA3AAD349142}.Release|x86.ActiveCfg = Release|Any CPU
		{7029593B-3BCB-4C81-B9F7-AA3AAD349142}.Release|x86.Build.0 = Release|Any CPU
		{A6D3D748-5A1F-46AD-B4FD-4C1BB2AC2350}.Debug|Any CPU.ActiveCfg = Debug|Any CPU
		{A6D3D748-5A1F-46AD-B4FD-4C1BB2AC2350}.Debug|Any CPU.Build.0 = Debug|Any CPU
		{A6D3D748-5A1F-46AD-B4FD-4C1BB2AC2350}.Debug|ARM.ActiveCfg = Debug|Any CPU
		{A6D3D748-5A1F-46AD-B4FD-4C1BB2AC2350}.Debug|ARM.Build.0 = Debug|Any CPU
		{A6D3D748-5A1F-46AD-B4FD-4C1BB2AC2350}.Debug|ARM64.ActiveCfg = Debug|Any CPU
		{A6D3D748-5A1F-46AD-B4FD-4C1BB2AC2350}.Debug|ARM64.Build.0 = Debug|Any CPU
		{A6D3D748-5A1F-46AD-B4FD-4C1BB2AC2350}.Debug|x64.ActiveCfg = Debug|Any CPU
		{A6D3D748-5A1F-46AD-B4FD-4C1BB2AC2350}.Debug|x64.Build.0 = Debug|Any CPU
		{A6D3D748-5A1F-46AD-B4FD-4C1BB2AC2350}.Debug|x86.ActiveCfg = Debug|Any CPU
		{A6D3D748-5A1F-46AD-B4FD-4C1BB2AC2350}.Debug|x86.Build.0 = Debug|Any CPU
		{A6D3D748-5A1F-46AD-B4FD-4C1BB2AC2350}.Release|Any CPU.ActiveCfg = Release|Any CPU
		{A6D3D748-5A1F-46AD-B4FD-4C1BB2AC2350}.Release|Any CPU.Build.0 = Release|Any CPU
		{A6D3D748-5A1F-46AD-B4FD-4C1BB2AC2350}.Release|ARM.ActiveCfg = Release|Any CPU
		{A6D3D748-5A1F-46AD-B4FD-4C1BB2AC2350}.Release|ARM.Build.0 = Release|Any CPU
		{A6D3D748-5A1F-46AD-B4FD-4C1BB2AC2350}.Release|ARM64.ActiveCfg = Release|Any CPU
		{A6D3D748-5A1F-46AD-B4FD-4C1BB2AC2350}.Release|ARM64.Build.0 = Release|Any CPU
		{A6D3D748-5A1F-46AD-B4FD-4C1BB2AC2350}.Release|x64.ActiveCfg = Release|Any CPU
		{A6D3D748-5A1F-46AD-B4FD-4C1BB2AC2350}.Release|x64.Build.0 = Release|Any CPU
		{A6D3D748-5A1F-46AD-B4FD-4C1BB2AC2350}.Release|x86.ActiveCfg = Release|Any CPU
		{A6D3D748-5A1F-46AD-B4FD-4C1BB2AC2350}.Release|x86.Build.0 = Release|Any CPU
	EndGlobalSection
	GlobalSection(SolutionProperties) = preSolution
		HideSolutionNode = FALSE
	EndGlobalSection
	GlobalSection(NestedProjects) = preSolution
		{E6E354E1-E918-4622-AF09-5A7A593C98FF} = {2EF731FC-B432-4E41-A6C5-58960930E014}
		{AB56EE3B-45B5-41E8-A46C-86AA08A2D21A} = {C7CACE42-3F95-4A74-917F-8C6ECEB846DD}
		{9C53B1C0-AC79-430E-8E62-2DCF1E3A6312} = {C7CACE42-3F95-4A74-917F-8C6ECEB846DD}
		{7029593B-3BCB-4C81-B9F7-AA3AAD349142} = {C7CACE42-3F95-4A74-917F-8C6ECEB846DD}
		{A6D3D748-5A1F-46AD-B4FD-4C1BB2AC2350} = {C7CACE42-3F95-4A74-917F-8C6ECEB846DD}
	EndGlobalSection
	GlobalSection(ExtensibilityGlobals) = postSolution
		SolutionGuid = {7A8E80E0-17E8-4B81-B9BC-ACBD5F441105}
	EndGlobalSection
EndGlobal
